lockfileVersion: '6.0'

importers:

  .:
    devDependencies:
      turbo:
        specifier: ^1.9.1
        version: registry.npmmirror.com/turbo@1.9.1

  configs/vite-config:
    devDependencies:
      '@types/node':
        specifier: ^18.15.11
        version: registry.npmmirror.com/@types/node@18.15.11

  packages/canvas:
    devDependencies:
      '@types/node':
        specifier: ^18.15.11
        version: registry.npmmirror.com/@types/node@18.15.11
      typescript:
        specifier: ^5.0.4
        version: registry.npmmirror.com/typescript@5.0.4
      vite:
        specifier: ^4.2.1
        version: registry.npmmirror.com/vite@4.2.1(@types/node@18.15.11)
      vite-config:
        specifier: workspace:*
        version: link:../../configs/vite-config

  packages/engine:
    devDependencies:
      '@types/node':
        specifier: ^18.15.11
        version: registry.npmmirror.com/@types/node@18.15.11
      typescript:
        specifier: ^5.0.4
        version: registry.npmmirror.com/typescript@5.0.4
      vite:
        specifier: ^4.2.1
        version: registry.npmmirror.com/vite@4.2.1(@types/node@18.15.11)
      vite-config:
        specifier: workspace:*
        version: link:../../configs/vite-config

packages:

  registry.npmmirror.com/@esbuild/android-arm64@0.17.16:
    resolution: {integrity: sha512-QX48qmsEZW+gcHgTmAj+x21mwTz8MlYQBnzF6861cNdQGvj2jzzFjqH0EBabrIa/WVZ2CHolwMoqxVryqKt8+Q==, registry: http://plat-registry-npm.mihoyo.com/, tarball: https://registry.npmmirror.com/@esbuild/android-arm64/-/android-arm64-0.17.16.tgz}
    name: '@esbuild/android-arm64'
    version: 0.17.16
    engines: {node: '>=12'}
    cpu: [arm64]
    os: [android]
    requiresBuild: true
    dev: true
    optional: true

  registry.npmmirror.com/@esbuild/android-arm@0.17.16:
    resolution: {integrity: sha512-baLqRpLe4JnKrUXLJChoTN0iXZH7El/mu58GE3WIA6/H834k0XWvLRmGLG8y8arTRS9hJJibPnF0tiGhmWeZgw==, registry: http://plat-registry-npm.mihoyo.com/, tarball: https://registry.npmmirror.com/@esbuild/android-arm/-/android-arm-0.17.16.tgz}
    name: '@esbuild/android-arm'
    version: 0.17.16
    engines: {node: '>=12'}
    cpu: [arm]
    os: [android]
    requiresBuild: true
    dev: true
    optional: true

  registry.npmmirror.com/@esbuild/android-x64@0.17.16:
    resolution: {integrity: sha512-G4wfHhrrz99XJgHnzFvB4UwwPxAWZaZBOFXh+JH1Duf1I4vIVfuYY9uVLpx4eiV2D/Jix8LJY+TAdZ3i40tDow==, registry: http://plat-registry-npm.mihoyo.com/, tarball: https://registry.npmmirror.com/@esbuild/android-x64/-/android-x64-0.17.16.tgz}
    name: '@esbuild/android-x64'
    version: 0.17.16
    engines: {node: '>=12'}
    cpu: [x64]
    os: [android]
    requiresBuild: true
    dev: true
    optional: true

  registry.npmmirror.com/@esbuild/darwin-arm64@0.17.16:
    resolution: {integrity: sha512-/Ofw8UXZxuzTLsNFmz1+lmarQI6ztMZ9XktvXedTbt3SNWDn0+ODTwxExLYQ/Hod91EZB4vZPQJLoqLF0jvEzA==, registry: http://plat-registry-npm.mihoyo.com/, tarball: https://registry.npmmirror.com/@esbuild/darwin-arm64/-/darwin-arm64-0.17.16.tgz}
    name: '@esbuild/darwin-arm64'
    version: 0.17.16
    engines: {node: '>=12'}
    cpu: [arm64]
    os: [darwin]
    requiresBuild: true
    dev: true
    optional: true

  registry.npmmirror.com/@esbuild/darwin-x64@0.17.16:
    resolution: {integrity: sha512-SzBQtCV3Pdc9kyizh36Ol+dNVhkDyIrGb/JXZqFq8WL37LIyrXU0gUpADcNV311sCOhvY+f2ivMhb5Tuv8nMOQ==, registry: http://plat-registry-npm.mihoyo.com/, tarball: https://registry.npmmirror.com/@esbuild/darwin-x64/-/darwin-x64-0.17.16.tgz}
    name: '@esbuild/darwin-x64'
    version: 0.17.16
    engines: {node: '>=12'}
    cpu: [x64]
    os: [darwin]
    requiresBuild: true
    dev: true
    optional: true

  registry.npmmirror.com/@esbuild/freebsd-arm64@0.17.16:
    resolution: {integrity: sha512-ZqftdfS1UlLiH1DnS2u3It7l4Bc3AskKeu+paJSfk7RNOMrOxmeFDhLTMQqMxycP1C3oj8vgkAT6xfAuq7ZPRA==, registry: http://plat-registry-npm.mihoyo.com/, tarball: https://registry.npmmirror.com/@esbuild/freebsd-arm64/-/freebsd-arm64-0.17.16.tgz}
    name: '@esbuild/freebsd-arm64'
    version: 0.17.16
    engines: {node: '>=12'}
    cpu: [arm64]
    os: [freebsd]
    requiresBuild: true
    dev: true
    optional: true

  registry.npmmirror.com/@esbuild/freebsd-x64@0.17.16:
    resolution: {integrity: sha512-rHV6zNWW1tjgsu0dKQTX9L0ByiJHHLvQKrWtnz8r0YYJI27FU3Xu48gpK2IBj1uCSYhJ+pEk6Y0Um7U3rIvV8g==, registry: http://plat-registry-npm.mihoyo.com/, tarball: https://registry.npmmirror.com/@esbuild/freebsd-x64/-/freebsd-x64-0.17.16.tgz}
    name: '@esbuild/freebsd-x64'
    version: 0.17.16
    engines: {node: '>=12'}
    cpu: [x64]
    os: [freebsd]
    requiresBuild: true
    dev: true
    optional: true

  registry.npmmirror.com/@esbuild/linux-arm64@0.17.16:
    resolution: {integrity: sha512-8yoZhGkU6aHu38WpaM4HrRLTFc7/VVD9Q2SvPcmIQIipQt2I/GMTZNdEHXoypbbGao5kggLcxg0iBKjo0SQYKA==, registry: http://plat-registry-npm.mihoyo.com/, tarball: https://registry.npmmirror.com/@esbuild/linux-arm64/-/linux-arm64-0.17.16.tgz}
    name: '@esbuild/linux-arm64'
    version: 0.17.16
    engines: {node: '>=12'}
    cpu: [arm64]
    os: [linux]
    requiresBuild: true
    dev: true
    optional: true

  registry.npmmirror.com/@esbuild/linux-arm@0.17.16:
    resolution: {integrity: sha512-n4O8oVxbn7nl4+m+ISb0a68/lcJClIbaGAoXwqeubj/D1/oMMuaAXmJVfFlRjJLu/ZvHkxoiFJnmbfp4n8cdSw==, registry: http://plat-registry-npm.mihoyo.com/, tarball: https://registry.npmmirror.com/@esbuild/linux-arm/-/linux-arm-0.17.16.tgz}
    name: '@esbuild/linux-arm'
    version: 0.17.16
    engines: {node: '>=12'}
    cpu: [arm]
    os: [linux]
    requiresBuild: true
    dev: true
    optional: true

  registry.npmmirror.com/@esbuild/linux-ia32@0.17.16:
    resolution: {integrity: sha512-9ZBjlkdaVYxPNO8a7OmzDbOH9FMQ1a58j7Xb21UfRU29KcEEU3VTHk+Cvrft/BNv0gpWJMiiZ/f4w0TqSP0gLA==, registry: http://plat-registry-npm.mihoyo.com/, tarball: https://registry.npmmirror.com/@esbuild/linux-ia32/-/linux-ia32-0.17.16.tgz}
    name: '@esbuild/linux-ia32'
    version: 0.17.16
    engines: {node: '>=12'}
    cpu: [ia32]
    os: [linux]
    requiresBuild: true
    dev: true
    optional: true

  registry.npmmirror.com/@esbuild/linux-loong64@0.17.16:
    resolution: {integrity: sha512-TIZTRojVBBzdgChY3UOG7BlPhqJz08AL7jdgeeu+kiObWMFzGnQD7BgBBkWRwOtKR1i2TNlO7YK6m4zxVjjPRQ==, registry: http://plat-registry-npm.mihoyo.com/, tarball: https://registry.npmmirror.com/@esbuild/linux-loong64/-/linux-loong64-0.17.16.tgz}
    name: '@esbuild/linux-loong64'
    version: 0.17.16
    engines: {node: '>=12'}
    cpu: [loong64]
    os: [linux]
    requiresBuild: true
    dev: true
    optional: true

  registry.npmmirror.com/@esbuild/linux-mips64el@0.17.16:
    resolution: {integrity: sha512-UPeRuFKCCJYpBbIdczKyHLAIU31GEm0dZl1eMrdYeXDH+SJZh/i+2cAmD3A1Wip9pIc5Sc6Kc5cFUrPXtR0XHA==, registry: http://plat-registry-npm.mihoyo.com/, tarball: https://registry.npmmirror.com/@esbuild/linux-mips64el/-/linux-mips64el-0.17.16.tgz}
    name: '@esbuild/linux-mips64el'
    version: 0.17.16
    engines: {node: '>=12'}
    cpu: [mips64el]
    os: [linux]
    requiresBuild: true
    dev: true
    optional: true

  registry.npmmirror.com/@esbuild/linux-ppc64@0.17.16:
    resolution: {integrity: sha512-io6yShgIEgVUhExJejJ21xvO5QtrbiSeI7vYUnr7l+v/O9t6IowyhdiYnyivX2X5ysOVHAuyHW+Wyi7DNhdw6Q==, registry: http://plat-registry-npm.mihoyo.com/, tarball: https://registry.npmmirror.com/@esbuild/linux-ppc64/-/linux-ppc64-0.17.16.tgz}
    name: '@esbuild/linux-ppc64'
    version: 0.17.16
    engines: {node: '>=12'}
    cpu: [ppc64]
    os: [linux]
    requiresBuild: true
    dev: true
    optional: true

  registry.npmmirror.com/@esbuild/linux-riscv64@0.17.16:
    resolution: {integrity: sha512-WhlGeAHNbSdG/I2gqX2RK2gfgSNwyJuCiFHMc8s3GNEMMHUI109+VMBfhVqRb0ZGzEeRiibi8dItR3ws3Lk+cA==, registry: http://plat-registry-npm.mihoyo.com/, tarball: https://registry.npmmirror.com/@esbuild/linux-riscv64/-/linux-riscv64-0.17.16.tgz}
    name: '@esbuild/linux-riscv64'
    version: 0.17.16
    engines: {node: '>=12'}
    cpu: [riscv64]
    os: [linux]
    requiresBuild: true
    dev: true
    optional: true

  registry.npmmirror.com/@esbuild/linux-s390x@0.17.16:
    resolution: {integrity: sha512-gHRReYsJtViir63bXKoFaQ4pgTyah4ruiMRQ6im9YZuv+gp3UFJkNTY4sFA73YDynmXZA6hi45en4BGhNOJUsw==, registry: http://plat-registry-npm.mihoyo.com/, tarball: https://registry.npmmirror.com/@esbuild/linux-s390x/-/linux-s390x-0.17.16.tgz}
    name: '@esbuild/linux-s390x'
    version: 0.17.16
    engines: {node: '>=12'}
    cpu: [s390x]
    os: [linux]
    requiresBuild: true
    dev: true
    optional: true

  registry.npmmirror.com/@esbuild/linux-x64@0.17.16:
    resolution: {integrity: sha512-mfiiBkxEbUHvi+v0P+TS7UnA9TeGXR48aK4XHkTj0ZwOijxexgMF01UDFaBX7Q6CQsB0d+MFNv9IiXbIHTNd4g==, registry: http://plat-registry-npm.mihoyo.com/, tarball: https://registry.npmmirror.com/@esbuild/linux-x64/-/linux-x64-0.17.16.tgz}
    name: '@esbuild/linux-x64'
    version: 0.17.16
    engines: {node: '>=12'}
    cpu: [x64]
    os: [linux]
    requiresBuild: true
    dev: true
    optional: true

  registry.npmmirror.com/@esbuild/netbsd-x64@0.17.16:
    resolution: {integrity: sha512-n8zK1YRDGLRZfVcswcDMDM0j2xKYLNXqei217a4GyBxHIuPMGrrVuJ+Ijfpr0Kufcm7C1k/qaIrGy6eG7wvgmA==, registry: http://plat-registry-npm.mihoyo.com/, tarball: https://registry.npmmirror.com/@esbuild/netbsd-x64/-/netbsd-x64-0.17.16.tgz}
    name: '@esbuild/netbsd-x64'
    version: 0.17.16
    engines: {node: '>=12'}
    cpu: [x64]
    os: [netbsd]
    requiresBuild: true
    dev: true
    optional: true

  registry.npmmirror.com/@esbuild/openbsd-x64@0.17.16:
    resolution: {integrity: sha512-lEEfkfsUbo0xC47eSTBqsItXDSzwzwhKUSsVaVjVji07t8+6KA5INp2rN890dHZeueXJAI8q0tEIfbwVRYf6Ew==, registry: http://plat-registry-npm.mihoyo.com/, tarball: https://registry.npmmirror.com/@esbuild/openbsd-x64/-/openbsd-x64-0.17.16.tgz}
    name: '@esbuild/openbsd-x64'
    version: 0.17.16
    engines: {node: '>=12'}
    cpu: [x64]
    os: [openbsd]
    requiresBuild: true
    dev: true
    optional: true

  registry.npmmirror.com/@esbuild/sunos-x64@0.17.16:
    resolution: {integrity: sha512-jlRjsuvG1fgGwnE8Afs7xYDnGz0dBgTNZfgCK6TlvPH3Z13/P5pi6I57vyLE8qZYLrGVtwcm9UbUx1/mZ8Ukag==, registry: http://plat-registry-npm.mihoyo.com/, tarball: https://registry.npmmirror.com/@esbuild/sunos-x64/-/sunos-x64-0.17.16.tgz}
    name: '@esbuild/sunos-x64'
    version: 0.17.16
    engines: {node: '>=12'}
    cpu: [x64]
    os: [sunos]
    requiresBuild: true
    dev: true
    optional: true

  registry.npmmirror.com/@esbuild/win32-arm64@0.17.16:
    resolution: {integrity: sha512-TzoU2qwVe2boOHl/3KNBUv2PNUc38U0TNnzqOAcgPiD/EZxT2s736xfC2dYQbszAwo4MKzzwBV0iHjhfjxMimg==, registry: http://plat-registry-npm.mihoyo.com/, tarball: https://registry.npmmirror.com/@esbuild/win32-arm64/-/win32-arm64-0.17.16.tgz}
    name: '@esbuild/win32-arm64'
    version: 0.17.16
    engines: {node: '>=12'}
    cpu: [arm64]
    os: [win32]
    requiresBuild: true
    dev: true
    optional: true

  registry.npmmirror.com/@esbuild/win32-ia32@0.17.16:
    resolution: {integrity: sha512-B8b7W+oo2yb/3xmwk9Vc99hC9bNolvqjaTZYEfMQhzdpBsjTvZBlXQ/teUE55Ww6sg//wlcDjOaqldOKyigWdA==, registry: http://plat-registry-npm.mihoyo.com/, tarball: https://registry.npmmirror.com/@esbuild/win32-ia32/-/win32-ia32-0.17.16.tgz}
    name: '@esbuild/win32-ia32'
    version: 0.17.16
    engines: {node: '>=12'}
    cpu: [ia32]
    os: [win32]
    requiresBuild: true
    dev: true
    optional: true

  registry.npmmirror.com/@esbuild/win32-x64@0.17.16:
    resolution: {integrity: sha512-xJ7OH/nanouJO9pf03YsL9NAFQBHd8AqfrQd7Pf5laGyyTt/gToul6QYOA/i5i/q8y9iaM5DQFNTgpi995VkOg==, registry: http://plat-registry-npm.mihoyo.com/, tarball: https://registry.npmmirror.com/@esbuild/win32-x64/-/win32-x64-0.17.16.tgz}
    name: '@esbuild/win32-x64'
    version: 0.17.16
    engines: {node: '>=12'}
    cpu: [x64]
    os: [win32]
    requiresBuild: true
    dev: true
    optional: true

  registry.npmmirror.com/@types/node@18.15.11:
    resolution: {integrity: sha512-E5Kwq2n4SbMzQOn6wnmBjuK9ouqlURrcZDVfbo9ftDDTFt3nk7ZKK4GMOzoYgnpQJKcxwQw+lGaBvvlMo0qN/Q==, registry: http://plat-registry-npm.mihoyo.com/, tarball: https://registry.npmmirror.com/@types/node/-/node-18.15.11.tgz}
    name: '@types/node'
    version: 18.15.11
    dev: true

  registry.npmmirror.com/esbuild@0.17.16:
    resolution: {integrity: sha512-aeSuUKr9aFVY9Dc8ETVELGgkj4urg5isYx8pLf4wlGgB0vTFjxJQdHnNH6Shmx4vYYrOTLCHtRI5i1XZ9l2Zcg==, registry: http://plat-registry-npm.mihoyo.com/, tarball: https://registry.npmmirror.com/esbuild/-/esbuild-0.17.16.tgz}
    name: esbuild
    version: 0.17.16
    engines: {node: '>=12'}
    hasBin: true
    requiresBuild: true
    optionalDependencies:
      '@esbuild/android-arm': registry.npmmirror.com/@esbuild/android-arm@0.17.16
      '@esbuild/android-arm64': registry.npmmirror.com/@esbuild/android-arm64@0.17.16
      '@esbuild/android-x64': registry.npmmirror.com/@esbuild/android-x64@0.17.16
      '@esbuild/darwin-arm64': registry.npmmirror.com/@esbuild/darwin-arm64@0.17.16
      '@esbuild/darwin-x64': registry.npmmirror.com/@esbuild/darwin-x64@0.17.16
      '@esbuild/freebsd-arm64': registry.npmmirror.com/@esbuild/freebsd-arm64@0.17.16
      '@esbuild/freebsd-x64': registry.npmmirror.com/@esbuild/freebsd-x64@0.17.16
      '@esbuild/linux-arm': registry.npmmirror.com/@esbuild/linux-arm@0.17.16
      '@esbuild/linux-arm64': registry.npmmirror.com/@esbuild/linux-arm64@0.17.16
      '@esbuild/linux-ia32': registry.npmmirror.com/@esbuild/linux-ia32@0.17.16
      '@esbuild/linux-loong64': registry.npmmirror.com/@esbuild/linux-loong64@0.17.16
      '@esbuild/linux-mips64el': registry.npmmirror.com/@esbuild/linux-mips64el@0.17.16
      '@esbuild/linux-ppc64': registry.npmmirror.com/@esbuild/linux-ppc64@0.17.16
      '@esbuild/linux-riscv64': registry.npmmirror.com/@esbuild/linux-riscv64@0.17.16
      '@esbuild/linux-s390x': registry.npmmirror.com/@esbuild/linux-s390x@0.17.16
      '@esbuild/linux-x64': registry.npmmirror.com/@esbuild/linux-x64@0.17.16
      '@esbuild/netbsd-x64': registry.npmmirror.com/@esbuild/netbsd-x64@0.17.16
      '@esbuild/openbsd-x64': registry.npmmirror.com/@esbuild/openbsd-x64@0.17.16
      '@esbuild/sunos-x64': registry.npmmirror.com/@esbuild/sunos-x64@0.17.16
      '@esbuild/win32-arm64': registry.npmmirror.com/@esbuild/win32-arm64@0.17.16
      '@esbuild/win32-ia32': registry.npmmirror.com/@esbuild/win32-ia32@0.17.16
      '@esbuild/win32-x64': registry.npmmirror.com/@esbuild/win32-x64@0.17.16
    dev: true

  registry.npmmirror.com/fsevents@2.3.2:
    resolution: {integrity: sha512-xiqMQR4xAeHTuB9uWm+fFRcIOgKBMiOBP+eXiyT7jsgVCq1bkVygt00oASowB7EdtpOHaaPgKt812P9ab+DDKA==, registry: http://plat-registry-npm.mihoyo.com/, tarball: https://registry.npmmirror.com/fsevents/-/fsevents-2.3.2.tgz}
    name: fsevents
    version: 2.3.2
    engines: {node: ^8.16.0 || ^10.6.0 || >=11.0.0}
    os: [darwin]
    requiresBuild: true
    dev: true
    optional: true

  registry.npmmirror.com/function-bind@1.1.1:
    resolution: {integrity: sha512-yIovAzMX49sF8Yl58fSCWJ5svSLuaibPxXQJFLmBObTuCr0Mf1KiPopGM9NiFjiYBCbfaa2Fh6breQ6ANVTI0A==, registry: http://plat-registry-npm.mihoyo.com/, tarball: https://registry.npmmirror.com/function-bind/-/function-bind-1.1.1.tgz}
    name: function-bind
    version: 1.1.1
    dev: true

  registry.npmmirror.com/has@1.0.3:
    resolution: {integrity: sha512-f2dvO0VU6Oej7RkWJGrehjbzMAjFp5/VKPp5tTpWIV4JHHZK1/BxbFRtf/siA2SWTe09caDmVtYYzWEIbBS4zw==, registry: http://plat-registry-npm.mihoyo.com/, tarball: https://registry.npmmirror.com/has/-/has-1.0.3.tgz}
    name: has
    version: 1.0.3
    engines: {node: '>= 0.4.0'}
    dependencies:
      function-bind: registry.npmmirror.com/function-bind@1.1.1
    dev: true

  registry.npmmirror.com/is-core-module@2.12.0:
    resolution: {integrity: sha512-RECHCBCd/viahWmwj6enj19sKbHfJrddi/6cBDsNTKbNq0f7VeaUkBo60BqzvPqo/W54ChS62Z5qyun7cfOMqQ==, registry: http://plat-registry-npm.mihoyo.com/, tarball: https://registry.npmmirror.com/is-core-module/-/is-core-module-2.12.0.tgz}
    name: is-core-module
    version: 2.12.0
    dependencies:
      has: registry.npmmirror.com/has@1.0.3
    dev: true

  registry.npmmirror.com/nanoid@3.3.6:
    resolution: {integrity: sha512-BGcqMMJuToF7i1rt+2PWSNVnWIkGCU78jBG3RxO/bZlnZPK2Cmi2QaffxGO/2RvWi9sL+FAiRiXMgsyxQ1DIDA==, registry: http://plat-registry-npm.mihoyo.com/, tarball: https://registry.npmmirror.com/nanoid/-/nanoid-3.3.6.tgz}
    name: nanoid
    version: 3.3.6
    engines: {node: ^10 || ^12 || ^13.7 || ^14 || >=15.0.1}
    hasBin: true
    dev: true

  registry.npmmirror.com/path-parse@1.0.7:
    resolution: {integrity: sha512-LDJzPVEEEPR+y48z93A0Ed0yXb8pAByGWo/k5YYdYgpY2/2EsOsksJrq7lOHxryrVOn1ejG6oAp8ahvOIQD8sw==, registry: http://plat-registry-npm.mihoyo.com/, tarball: https://registry.npmmirror.com/path-parse/-/path-parse-1.0.7.tgz}
    name: path-parse
    version: 1.0.7
    dev: true

  registry.npmmirror.com/picocolors@1.0.0:
    resolution: {integrity: sha512-1fygroTLlHu66zi26VoTDv8yRgm0Fccecssto+MhsZ0D/DGW2sm8E8AjW7NU5VVTRt5GxbeZ5qBuJr+HyLYkjQ==, registry: http://plat-registry-npm.mihoyo.com/, tarball: https://registry.npmmirror.com/picocolors/-/picocolors-1.0.0.tgz}
    name: picocolors
    version: 1.0.0
    dev: true

  registry.npmmirror.com/postcss@8.4.21:
    resolution: {integrity: sha512-tP7u/Sn/dVxK2NnruI4H9BG+x+Wxz6oeZ1cJ8P6G/PZY0IKk4k/63TDsQf2kQq3+qoJeLm2kIBUNlZe3zgb4Zg==, registry: http://plat-registry-npm.mihoyo.com/, tarball: https://registry.npmmirror.com/postcss/-/postcss-8.4.21.tgz}
    name: postcss
    version: 8.4.21
    engines: {node: ^10 || ^12 || >=14}
    dependencies:
      nanoid: registry.npmmirror.com/nanoid@3.3.6
      picocolors: registry.npmmirror.com/picocolors@1.0.0
      source-map-js: registry.npmmirror.com/source-map-js@1.0.2
    dev: true

  registry.npmmirror.com/resolve@1.22.3:
    resolution: {integrity: sha512-P8ur/gp/AmbEzjr729bZnLjXK5Z+4P0zhIJgBgzqRih7hL7BOukHGtSTA3ACMY467GRFz3duQsi0bDZdR7DKdw==, registry: http://plat-registry-npm.mihoyo.com/, tarball: https://registry.npmmirror.com/resolve/-/resolve-1.22.3.tgz}
    name: resolve
    version: 1.22.3
    hasBin: true
    dependencies:
      is-core-module: registry.npmmirror.com/is-core-module@2.12.0
      path-parse: registry.npmmirror.com/path-parse@1.0.7
      supports-preserve-symlinks-flag: registry.npmmirror.com/supports-preserve-symlinks-flag@1.0.0
    dev: true

  registry.npmmirror.com/rollup@3.20.2:
    resolution: {integrity: sha512-3zwkBQl7Ai7MFYQE0y1MeQ15+9jsi7XxfrqwTb/9EK8D9C9+//EBR4M+CuA1KODRaNbFez/lWxA5vhEGZp4MUg==, registry: http://plat-registry-npm.mihoyo.com/, tarball: https://registry.npmmirror.com/rollup/-/rollup-3.20.2.tgz}
    name: rollup
    version: 3.20.2
    engines: {node: '>=14.18.0', npm: '>=8.0.0'}
    hasBin: true
    optionalDependencies:
      fsevents: registry.npmmirror.com/fsevents@2.3.2
    dev: true

  registry.npmmirror.com/source-map-js@1.0.2:
    resolution: {integrity: sha512-R0XvVJ9WusLiqTCEiGCmICCMplcCkIwwR11mOSD9CR5u+IXYdiseeEuXCVAjS54zqwkLcPNnmU4OeJ6tUrWhDw==, registry: http://plat-registry-npm.mihoyo.com/, tarball: https://registry.npmmirror.com/source-map-js/-/source-map-js-1.0.2.tgz}
    name: source-map-js
    version: 1.0.2
    engines: {node: '>=0.10.0'}
    dev: true

  registry.npmmirror.com/supports-preserve-symlinks-flag@1.0.0:
    resolution: {integrity: sha512-ot0WnXS9fgdkgIcePe6RHNk1WA8+muPa6cSjeR3V8K27q9BB1rTE3R1p7Hv0z1ZyAc8s6Vvv8DIyWf681MAt0w==, registry: http://plat-registry-npm.mihoyo.com/, tarball: https://registry.npmmirror.com/supports-preserve-symlinks-flag/-/supports-preserve-symlinks-flag-1.0.0.tgz}
    name: supports-preserve-symlinks-flag
    version: 1.0.0
    engines: {node: '>= 0.4'}
    dev: true

  registry.npmmirror.com/turbo-darwin-64@1.9.1:
    resolution: {integrity: sha512-IX/Ph4CO80lFKd9pPx3BWpN2dynt6mcUFifyuHUNVkOP1Usza/G9YuZnKQFG6wUwKJbx40morFLjk1TTeLe04w==, registry: http://plat-registry-npm.mihoyo.com/, tarball: https://registry.npmmirror.com/turbo-darwin-64/-/turbo-darwin-64-1.9.1.tgz}
    name: turbo-darwin-64
    version: 1.9.1
    cpu: [x64]
    os: [darwin]
    requiresBuild: true
    dev: true
    optional: true

  registry.npmmirror.com/turbo-darwin-arm64@1.9.1:
    resolution: {integrity: sha512-6tCbmIboy9dTbhIZ/x9KIpje73nvxbiyVnHbr9xKnsxLJavD0xqjHZzbL5U2tHp8chqmYf0E4WYOXd+XCNg+OQ==, registry: http://plat-registry-npm.mihoyo.com/, tarball: https://registry.npmmirror.com/turbo-darwin-arm64/-/turbo-darwin-arm64-1.9.1.tgz}
    name: turbo-darwin-arm64
    version: 1.9.1
    cpu: [arm64]
    os: [darwin]
    requiresBuild: true
    dev: true
    optional: true

  registry.npmmirror.com/turbo-linux-64@1.9.1:
    resolution: {integrity: sha512-ti8XofnJFO1XaadL92lYJXgxb0VBl03Yu9VfhxkOTywFe7USTLBkJcdvQ4EpFk/KZwLiTdCmT2NQVxsG4AxBiQ==, registry: http://plat-registry-npm.mihoyo.com/, tarball: https://registry.npmmirror.com/turbo-linux-64/-/turbo-linux-64-1.9.1.tgz}
    name: turbo-linux-64
    version: 1.9.1
    cpu: [x64]
    os: [linux]
    requiresBuild: true
    dev: true
    optional: true

  registry.npmmirror.com/turbo-linux-arm64@1.9.1:
    resolution: {integrity: sha512-XYvIbeiCCCr+ENujd2Jtck/lJPTKWb8T2MSL/AEBx21Zy3Sa7HgrQX6LX0a0pNHjaleHz00XXt1D0W5hLeP+tA==, registry: http://plat-registry-npm.mihoyo.com/, tarball: https://registry.npmmirror.com/turbo-linux-arm64/-/turbo-linux-arm64-1.9.1.tgz}
    name: turbo-linux-arm64
    version: 1.9.1
    cpu: [arm64]
    os: [linux]
    requiresBuild: true
    dev: true
    optional: true

  registry.npmmirror.com/turbo-windows-64@1.9.1:
    resolution: {integrity: sha512-x7lWAspe4/v3XQ0gaFRWDX/X9uyWdhwFBPEfb8BA0YKtnsrPOHkV0mRHCRrXzvzjA7pcDCl2agGzb7o863O+Jg==, registry: http://plat-registry-npm.mihoyo.com/, tarball: https://registry.npmmirror.com/turbo-windows-64/-/turbo-windows-64-1.9.1.tgz}
    name: turbo-windows-64
    version: 1.9.1
    cpu: [x64]
    os: [win32]
    requiresBuild: true
    dev: true
    optional: true

  registry.npmmirror.com/turbo-windows-arm64@1.9.1:
    resolution: {integrity: sha512-QSLNz8dRBLDqXOUv/KnoesBomSbIz2Huef/a3l2+Pat5wkQVgMfzFxDOnkK5VWujPYXz+/prYz+/7cdaC78/kw==, registry: http://plat-registry-npm.mihoyo.com/, tarball: https://registry.npmmirror.com/turbo-windows-arm64/-/turbo-windows-arm64-1.9.1.tgz}
    name: turbo-windows-arm64
    version: 1.9.1
    cpu: [arm64]
    os: [win32]
    requiresBuild: true
    dev: true
    optional: true

  registry.npmmirror.com/turbo@1.9.1:
    resolution: {integrity: sha512-Rqe8SP96e53y4Pk29kk2aZbA8EF11UtHJ3vzXJseadrc1T3V6UhzvAWwiKJL//x/jojyOoX1axnoxmX3UHbZ0g==, registry: http://plat-registry-npm.mihoyo.com/, tarball: https://registry.npmmirror.com/turbo/-/turbo-1.9.1.tgz}
    name: turbo
    version: 1.9.1
    hasBin: true
    requiresBuild: true
    optionalDependencies:
      turbo-darwin-64: registry.npmmirror.com/turbo-darwin-64@1.9.1
      turbo-darwin-arm64: registry.npmmirror.com/turbo-darwin-arm64@1.9.1
      turbo-linux-64: registry.npmmirror.com/turbo-linux-64@1.9.1
      turbo-linux-arm64: registry.npmmirror.com/turbo-linux-arm64@1.9.1
      turbo-windows-64: registry.npmmirror.com/turbo-windows-64@1.9.1
      turbo-windows-arm64: registry.npmmirror.com/turbo-windows-arm64@1.9.1
    dev: true

  registry.npmmirror.com/typescript@5.0.4:
    resolution: {integrity: sha512-cW9T5W9xY37cc+jfEnaUvX91foxtHkza3Nw3wkoF4sSlKn0MONdkdEndig/qPBWXNkmplh3NzayQzCiHM4/hqw==, registry: http://plat-registry-npm.mihoyo.com/, tarball: https://registry.npmmirror.com/typescript/-/typescript-5.0.4.tgz}
    name: typescript
    version: 5.0.4
    engines: {node: '>=12.20'}
    hasBin: true
    dev: true

  registry.npmmirror.com/vite@4.2.1(@types/node@18.15.11):
    resolution: {integrity: sha512-7MKhqdy0ISo4wnvwtqZkjke6XN4taqQ2TBaTccLIpOKv7Vp2h4Y+NpmWCnGDeSvvn45KxvWgGyb0MkHvY1vgbg==, registry: http://plat-registry-npm.mihoyo.com/, tarball: https://registry.npmmirror.com/vite/-/vite-4.2.1.tgz}
    id: registry.npmmirror.com/vite/4.2.1
    name: vite
    version: 4.2.1
    engines: {node: ^14.18.0 || >=16.0.0}
    hasBin: true
    peerDependencies:
      '@types/node': '>= 14'
      less: '*'
      sass: '*'
      stylus: '*'
      sugarss: '*'
      terser: ^5.4.0
    peerDependenciesMeta:
      '@types/node':
        optional: true
      less:
        optional: true
      sass:
        optional: true
      stylus:
        optional: true
      sugarss:
        optional: true
      terser:
        optional: true
    dependencies:
      '@types/node': registry.npmmirror.com/@types/node@18.15.11
      esbuild: registry.npmmirror.com/esbuild@0.17.16
      postcss: registry.npmmirror.com/postcss@8.4.21
      resolve: registry.npmmirror.com/resolve@1.22.3
      rollup: registry.npmmirror.com/rollup@3.20.2
    optionalDependencies:
      fsevents: registry.npmmirror.com/fsevents@2.3.2
    dev: true
